
Microsoft Visual Studio Solution File, Format Version 12.00
Project("{FAE04EC0-301F-11D3-BF4B-00C04F79EFBC}") = "EcommerceWebApi", "EcommerceWebApi.csproj", "{FC406FFC-4B14-43A8-ABB8-39A03E793AEE}"
EndProject
Global
	GlobalSection(SolutionConfigurationPlatforms) = preSolution
		Debug|Any CPU = Debug|Any CPU
		Release|Any CPU = Release|Any CPU
	EndGlobalSection
	GlobalSection(ProjectConfigurationPlatforms) = postSolution
		{FC406FFC-4B14-43A8-ABB8-39A03E793AEE}.Debug|Any CPU.ActiveCfg = Debug|Any CPU
		{FC406FFC-4B14-43A8-ABB8-39A03E793AEE}.Debug|Any CPU.Build.0 = Debug|Any CPU
		{FC406FFC-4B14-43A8-ABB8-39A03E793AEE}.Release|Any CPU.ActiveCfg = Release|Any CPU
		{FC406FFC-4B14-43A8-ABB8-39A03E793AEE}.Release|Any CPU.Build.0 = Release|Any CPU
	EndGlobalSection
EndGlobal
